
Microsoft Visual Studio Solution File, Format Version 12.00
# Visual Studio Version 16
VisualStudioVersion = 16.0.30114.105
MinimumVisualStudioVersion = 10.0.40219.1
Project("{9A19103F-16F7-4668-BE54-9A1E7A4F7556}") = "OAuthServer.NET.UI", "OAuthServer.NET.UI\OAuthServer.NET.UI.csproj", "{36FE79BE-03C7-47A7-A9C9-BC554CA590D6}"
EndProject
Project("{9A19103F-16F7-4668-BE54-9A1E7A4F7556}") = "OAuthServer.NET.Core", "OAuthServer.NET.Core\OAuthServer.NET.Core.csproj", "{60406629-0B95-49C6-8112-3A86157A600B}"
EndProject
Project("{9A19103F-16F7-4668-BE54-9A1E7A4F7556}") = "OAuthServer.NET.WebApp", "OAuthServer.NET.WebApp\OAuthServer.NET.WebApp.csproj", "{AA17620C-A137-4DCD-84E5-7B53675CDB21}"
EndProject
Project("{FAE04EC0-301F-11D3-BF4B-00C04F79EFBC}") = "OAuthServer.NET", "OAuthServer.NET\OAuthServer.NET.csproj", "{6EBAE7CC-C097-4886-BE22-FF61A12B650E}"
EndProject
Global
	GlobalSection(SolutionConfigurationPlatforms) = preSolution
		Debug|Any CPU = Debug|Any CPU
		Release|Any CPU = Release|Any CPU
	EndGlobalSection
	GlobalSection(ProjectConfigurationPlatforms) = postSolution
		{36FE79BE-03C7-47A7-A9C9-BC554CA590D6}.Debug|Any CPU.ActiveCfg = Debug|Any CPU
		{36FE79BE-03C7-47A7-A9C9-BC554CA590D6}.Debug|Any CPU.Build.0 = Debug|Any CPU
		{36FE79BE-03C7-47A7-A9C9-BC554CA590D6}.Release|Any CPU.ActiveCfg = Release|Any CPU
		{36FE79BE-03C7-47A7-A9C9-BC554CA590D6}.Release|Any CPU.Build.0 = Release|Any CPU
		{60406629-0B95-49C6-8112-3A86157A600B}.Debug|Any CPU.ActiveCfg = Debug|Any CPU
		{60406629-0B95-49C6-8112-3A86157A600B}.Debug|Any CPU.Build.0 = Debug|Any CPU
		{60406629-0B95-49C6-8112-3A86157A600B}.Release|Any CPU.ActiveCfg = Release|Any CPU
		{60406629-0B95-49C6-8112-3A86157A600B}.Release|Any CPU.Build.0 = Release|Any CPU
		{AA17620C-A137-4DCD-84E5-7B53675CDB21}.Debug|Any CPU.ActiveCfg = Debug|Any CPU
		{AA17620C-A137-4DCD-84E5-7B53675CDB21}.Debug|Any CPU.Build.0 = Debug|Any CPU
		{AA17620C-A137-4DCD-84E5-7B53675CDB21}.Release|Any CPU.ActiveCfg = Release|Any CPU
		{AA17620C-A137-4DCD-84E5-7B53675CDB21}.Release|Any CPU.Build.0 = Release|Any CPU
		{6EBAE7CC-C097-4886-BE22-FF61A12B650E}.Debug|Any CPU.ActiveCfg = Debug|Any CPU
		{6EBAE7CC-C097-4886-BE22-FF61A12B650E}.Debug|Any CPU.Build.0 = Debug|Any CPU
		{6EBAE7CC-C097-4886-BE22-FF61A12B650E}.Release|Any CPU.ActiveCfg = Release|Any CPU
		{6EBAE7CC-C097-4886-BE22-FF61A12B650E}.Release|Any CPU.Build.0 = Release|Any CPU
	EndGlobalSection
	GlobalSection(SolutionProperties) = preSolution
		HideSolutionNode = FALSE
	EndGlobalSection
	GlobalSection(ExtensibilityGlobals) = postSolution
		SolutionGuid = {441E8AC4-0383-4738-935E-9B44EFD6C458}
	EndGlobalSection
EndGlobal
